
Microsoft Visual Studio Solution File, Format Version 12.00
# Visual Studio Version 17
VisualStudioVersion = 17.3.32929.385
MinimumVisualStudioVersion = 10.0.40219.1
Project("{FAE04EC0-301F-11D3-BF4B-00C04F79EFBC}") = "CityApi", "CityApi\CityApi.csproj", "{4DA98C8F-4854-4025-9863-6375BA5BE9AD}"
EndProject
Global
	GlobalSection(SolutionConfigurationPlatforms) = preSolution
		Debug|Any CPU = Debug|Any CPU
		Release|Any CPU = Release|Any CPU
	EndGlobalSection
	GlobalSection(ProjectConfigurationPlatforms) = postSolution
		{4DA98C8F-4854-4025-9863-6375BA5BE9AD}.Debug|Any CPU.ActiveCfg = Debug|Any CPU
		{4DA98C8F-4854-4025-9863-6375BA5BE9AD}.Debug|Any CPU.Build.0 = Debug|Any CPU
		{4DA98C8F-4854-4025-9863-6375BA5BE9AD}.Release|Any CPU.ActiveCfg = Release|Any CPU
		{4DA98C8F-4854-4025-9863-6375BA5BE9AD}.Release|Any CPU.Build.0 = Release|Any CPU
	EndGlobalSection
	GlobalSection(SolutionProperties) = preSolution
		HideSolutionNode = FALSE
	EndGlobalSection
	GlobalSection(ExtensibilityGlobals) = postSolution
		SolutionGuid = {79D5BAEB-714D-4396-8913-90A685C5E042}
	EndGlobalSection
EndGlobal
